
Microsoft Visual Studio Solution File, Format Version 11.00
# Visual Studio 2010
Project("{FAE04EC0-301F-11D3-BF4B-00C04F79EFBC}") = "sCMS", "sCMS\sCMS.csproj", "{F33C25BF-942F-4365-9CFB-D2628D4704BA}"
EndProject
Project("{9344bdbb-3e7f-41fc-a0dd-8665d75ee146}") = "web", "web\web.mdproj", "{895EE755-1B14-4715-A984-25A9916B9901}"
EndProject
Project("{FAE04EC0-301F-11D3-BF4B-00C04F79EFBC}") = "Test", "Test\Test.csproj", "{FF262FCD-788C-4809-B0FC-E54A04A4FC4E}"
EndProject
Global
	GlobalSection(SolutionConfigurationPlatforms) = preSolution
		Debug|Any CPU = Debug|Any CPU
		Release|Any CPU = Release|Any CPU
		Test|Any CPU = Test|Any CPU
	EndGlobalSection
	GlobalSection(ProjectConfigurationPlatforms) = postSolution
		{895EE755-1B14-4715-A984-25A9916B9901}.Debug|Any CPU.ActiveCfg = Debug|Any CPU
		{895EE755-1B14-4715-A984-25A9916B9901}.Release|Any CPU.ActiveCfg = Default|Any CPU
		{895EE755-1B14-4715-A984-25A9916B9901}.Test|Any CPU.ActiveCfg = Default|Any CPU
		{F33C25BF-942F-4365-9CFB-D2628D4704BA}.Debug|Any CPU.ActiveCfg = Debug|Any CPU
		{F33C25BF-942F-4365-9CFB-D2628D4704BA}.Debug|Any CPU.Build.0 = Debug|Any CPU
		{F33C25BF-942F-4365-9CFB-D2628D4704BA}.Release|Any CPU.ActiveCfg = Release|Any CPU
		{F33C25BF-942F-4365-9CFB-D2628D4704BA}.Release|Any CPU.Build.0 = Release|Any CPU
		{F33C25BF-942F-4365-9CFB-D2628D4704BA}.Test|Any CPU.ActiveCfg = Test|Any CPU
		{F33C25BF-942F-4365-9CFB-D2628D4704BA}.Test|Any CPU.Build.0 = Test|Any CPU
		{FF262FCD-788C-4809-B0FC-E54A04A4FC4E}.Debug|Any CPU.ActiveCfg = Debug|Any CPU
		{FF262FCD-788C-4809-B0FC-E54A04A4FC4E}.Release|Any CPU.ActiveCfg = Release|Any CPU
		{FF262FCD-788C-4809-B0FC-E54A04A4FC4E}.Test|Any CPU.ActiveCfg = Test|Any CPU
		{FF262FCD-788C-4809-B0FC-E54A04A4FC4E}.Test|Any CPU.Build.0 = Test|Any CPU
	EndGlobalSection
	GlobalSection(MonoDevelopProperties) = preSolution
		StartupItem = Test\Test.csproj
		Policies = $0
		$0.TextStylePolicy = $1
		$1.FileWidth = 120
		$1.TabWidth = 4
		$1.inheritsSet = Mono
		$1.inheritsScope = text/plain
		$1.scope = text/x-csharp
		$0.CSharpFormattingPolicy = $2
		$2.IndentSwitchBody = True
		$2.AnonymousMethodBraceStyle = NextLine
		$2.PropertyBraceStyle = NextLine
		$2.AllowPropertyGetBlockInline = False
		$2.AllowPropertySetBlockInline = False
		$2.AllowEventAddBlockInline = False
		$2.AllowEventRemoveBlockInline = False
		$2.StatementBraceStyle = NextLine
		$2.PlaceElseOnNewLine = True
		$2.PlaceElseIfOnNewLine = True
		$2.PlaceCatchOnNewLine = True
		$2.PlaceFinallyOnNewLine = True
		$2.PlaceWhileOnNewLine = True
		$2.inheritsSet = Mono
		$2.inheritsScope = text/x-csharp
		$2.scope = text/x-csharp
		$0.TextStylePolicy = $3
		$3.inheritsSet = null
		$3.scope = application/x-addin+xml
		$0.XmlFormattingPolicy = $4
		$4.inheritsSet = null
		$4.scope = application/x-addin+xml
		$0.TextStylePolicy = $5
		$5.inheritsSet = null
		$5.scope = application/xml
		$0.XmlFormattingPolicy = $6
		$6.inheritsSet = Mono
		$6.inheritsScope = application/xml
		$6.scope = application/xml
		$0.TextStylePolicy = $7
		$7.inheritsSet = null
		$7.scope = application/x-shellscript
		$0.TextStylePolicy = $8
		$8.inheritsSet = null
		$8.scope = text/html
		$0.TextStylePolicy = $9
		$9.inheritsSet = null
		$9.scope = application/javascript
		$0.TextStylePolicy = $10
		$10.FileWidth = 120
		$10.TabWidth = 4
		$10.inheritsSet = Mono
		$10.inheritsScope = text/plain
		$10.scope = text/plain
	EndGlobalSection
EndGlobal
